# THIS IS AN AUTOGENERATED FILE. DO NOT EDIT THIS FILE DIRECTLY.
# yarn lockfile v1


annon@^0.7.0:
  version "0.7.0"
  resolved "https://registry.yarnpkg.com/annon/-/annon-0.7.0.tgz#9c17f7094b891deead4f28ff7566fc95c6203ca1"
  dependencies:
    babel-runtime "^6.23.0"
    falzy "^0.20.0"
    fnamed "^0.9.0"
    protype "^0.22.0"

arid@^0.26.0:
  version "0.26.0"
  resolved "https://registry.yarnpkg.com/arid/-/arid-0.26.0.tgz#18438c15a7f769c21cbc490812f86b9654077409"
  dependencies:
    arkount "^0.8.0"
    babel-runtime "^6.23.0"
    doubt "^0.27.0"

arkount@^0.8.0:
  version "0.8.0"
  resolved "https://registry.yarnpkg.com/arkount/-/arkount-0.8.0.tgz#3bac6e42792aaea86fc65276f44fdb2d848dddbd"
  dependencies:
    babel-runtime "^6.23.0"
    doubt "^0.27.0"
    raze "^0.30.0"
    truly "^0.19.0"
    wichevr "^0.10.0"

babel-runtime@^6.23.0:
  version "6.23.0"
  resolved "https://registry.yarnpkg.com/babel-runtime/-/babel-runtime-6.23.0.tgz#0a9489f144de70efb3ce4300accdb329e2fc543b"
  dependencies:
    core-js "^2.4.0"
    regenerator-runtime "^0.10.0"

cemento@^0.16.0:
  version "0.16.0"
  resolved "https://registry.yarnpkg.com/cemento/-/cemento-0.16.0.tgz#f01b603b50437b182fba2478c7882d13019e3638"
  dependencies:
    babel-runtime "^6.23.0"
    harden "^0.22.0"
    kount "^0.11.0"

circular-json@^0.3.1:
  version "0.3.1"
  resolved "https://registry.yarnpkg.com/circular-json/-/circular-json-0.3.1.tgz#be8b36aefccde8b3ca7aa2d6afc07a37242c0d2d"

clazof@^0.31.0:
  version "0.31.0"
  resolved "https://registry.yarnpkg.com/clazof/-/clazof-0.31.0.tgz#b1959f3af898b5234c3dc55fd7a4a42015ab636c"
  dependencies:
    annon "^0.7.0"
    babel-runtime "^6.23.0"
    falzy "^0.20.0"
    fname "^0.9.0"
    portel "^0.4.0"
    protype "^0.22.0"
    raze "^0.30.0"
    stringe "^0.4.0"
    wauker "^0.16.0"

core-js@^2.4.0:
  version "2.4.1"
  resolved "https://registry.yarnpkg.com/core-js/-/core-js-2.4.1.tgz#4de911e667b0eae9124e34254b53aea6fc618d3e"

doubt@^0.27.0:
  version "0.27.0"
  resolved "https://registry.yarnpkg.com/doubt/-/doubt-0.27.0.tgz#e7d33346b8e3438f9258c7b6619a71781169aaf2"
  dependencies:
    babel-runtime "^6.23.0"
    cemento "^0.16.0"
    circular-json "^0.3.1"
    falzy "^0.20.0"
    harden "^0.22.0"
    khount "^0.1.0"
    protype "^0.22.0"
    stringe "^0.4.0"
    truly "^0.19.0"

een@^0.19.0:
  version "0.19.0"
  resolved "https://registry.yarnpkg.com/een/-/een-0.19.0.tgz#58468dbdca1e29e972c5a0f9364342969f87d0d7"
  dependencies:
    babel-runtime "^6.23.0"
    doubt "^0.27.0"
    eqe "^0.3.0"
    protype "^0.22.0"
    raze "^0.30.0"
    truly "^0.19.0"

empt@^0.23.0:
  version "0.23.0"
  resolved "https://registry.yarnpkg.com/empt/-/empt-0.23.0.tgz#b943e235da19b20b9318afd8e488f73bbfa11c76"
  dependencies:
    babel-runtime "^6.23.0"
    doubt "^0.27.0"
    kount "^0.11.0"
    protype "^0.22.0"

eqe@^0.3.0:
  version "0.3.0"
  resolved "https://registry.yarnpkg.com/eqe/-/eqe-0.3.0.tgz#13caded901cc5b939e4a2c11292a315dda1eba13"
  dependencies:
    babel-runtime "^6.23.0"
    nafe "^0.3.0"
    protype "^0.22.0"
    stringe "^0.4.0"

falze@^0.23.0:
  version "0.23.0"
  resolved "https://registry.yarnpkg.com/falze/-/falze-0.23.0.tgz#ea2c6962403df112fb0d8f354af5cdae0ab6cde4"
  dependencies:
    arid "^0.26.0"
    babel-runtime "^6.23.0"
    doubt "^0.27.0"
    empt "^0.23.0"
    falzy "^0.20.0"
    protype "^0.22.0"

falzy@^0.20.0:
  version "0.20.0"
  resolved "https://registry.yarnpkg.com/falzy/-/falzy-0.20.0.tgz#3835232fb4c16702cfefd240e671381a13111de8"
  dependencies:
    babel-runtime "^6.23.0"

fname@^0.9.0:
  version "0.9.0"
  resolved "https://registry.yarnpkg.com/fname/-/fname-0.9.0.tgz#5402ca3883608ebcecfaeafb219087bcc6b5ada1"
  dependencies:
    babel-runtime "^6.23.0"
    falzy "^0.20.0"
    mtch "^0.2.0"
    nmde "^0.1.0"
    protype "^0.22.0"

fnamed@^0.9.0:
  version "0.9.0"
  resolved "https://registry.yarnpkg.com/fnamed/-/fnamed-0.9.0.tgz#62c1b89dd08eb3d67a2793081271161c81dafb27"
  dependencies:
    babel-runtime "^6.23.0"
    falzy "^0.20.0"
    fname "^0.9.0"
    protype "^0.22.0"
    truly "^0.19.0"

harden@^0.22.0:
  version "0.22.0"
  resolved "https://registry.yarnpkg.com/harden/-/harden-0.22.0.tgz#1bcd6cdfd8ce60726009053981b9b37875a2404b"
  dependencies:
    babel-runtime "^6.23.0"

khount@^0.1.0:
  version "0.1.0"
  resolved "https://registry.yarnpkg.com/khount/-/khount-0.1.0.tgz#c753b769d329f1f2f481cf6d12ed418edceb67b9"
  dependencies:
    babel-runtime "^6.23.0"

kount@^0.11.0:
  version "0.11.0"
  resolved "https://registry.yarnpkg.com/kount/-/kount-0.11.0.tgz#99775ed4a1b096e8ef5547f60d63e59f1d3e5b84"
  dependencies:
    babel-runtime "^6.23.0"

mtch@^0.2.0:
  version "0.2.0"
  resolved "https://registry.yarnpkg.com/mtch/-/mtch-0.2.0.tgz#99f3acfd8bd184080f31ce79f0da7ec4c874ba81"
  dependencies:
    babel-runtime "^6.23.0"
    falzy "^0.20.0"
    protype "^0.22.0"
    raze "^0.30.0"
    stringe "^0.4.0"
    truly "^0.19.0"
    wichevr "^0.10.0"

nafe@^0.3.0:
  version "0.3.0"
  resolved "https://registry.yarnpkg.com/nafe/-/nafe-0.3.0.tgz#a951f6254bd95cb3f3ac7057a9859fffc8672d94"
  dependencies:
    babel-runtime "^6.23.0"
    falzy "^0.20.0"
    protype "^0.22.0"
    stringe "^0.4.0"

nmde@^0.1.0:
  version "0.1.0"
  resolved "https://registry.yarnpkg.com/nmde/-/nmde-0.1.0.tgz#2fbb9eb51e78f2aacfef3114afe951f900492887"
  dependencies:
    babel-runtime "^6.23.0"
    falzy "^0.20.0"
    protype "^0.22.0"
    truly "^0.19.0"

portel@^0.4.0:
  version "0.4.0"
  resolved "https://registry.yarnpkg.com/portel/-/portel-0.4.0.tgz#8b6a0296b752062970c9f2020ec75d1fd1f3df9f"
  dependencies:
    babel-runtime "^6.23.0"
    protype "^0.22.0"

protype@^0.22.0:
  version "0.22.0"
  resolved "https://registry.yarnpkg.com/protype/-/protype-0.22.0.tgz#b4929f8394747e031f92cfd08e9ec6ec8f6b85c1"
  dependencies:
    babel-runtime "^6.23.0"
    cemento "^0.16.0"
    harden "^0.22.0"

raze@^0.30.0:
  version "0.30.0"
  resolved "https://registry.yarnpkg.com/raze/-/raze-0.30.0.tgz#769ee266b0ed45132b9c501b365df0207bf1a45b"
  dependencies:
    babel-runtime "^6.23.0"
    doubt "^0.27.0"

regenerator-runtime@^0.10.0:
  version "0.10.5"
  resolved "https://registry.yarnpkg.com/regenerator-runtime/-/regenerator-runtime-0.10.5.tgz#336c3efc1220adcedda2c9fab67b5a7955a33658"

stringe@^0.4.0:
  version "0.4.0"
  resolved "https://registry.yarnpkg.com/stringe/-/stringe-0.4.0.tgz#15a7562633093f77b5e65903ddf89d6537e48c24"
  dependencies:
    babel-runtime "^6.23.0"

truly@^0.19.0:
  version "0.19.0"
  resolved "https://registry.yarnpkg.com/truly/-/truly-0.19.0.tgz#776080d30870549d62dcf258588287f403aa814e"
  dependencies:
    babel-runtime "^6.23.0"

wauker@^0.16.0:
  version "0.16.0"
  resolved "https://registry.yarnpkg.com/wauker/-/wauker-0.16.0.tgz#4ee7395194b7150142d5c2cae9cdef9964e5b9c7"
  dependencies:
    babel-runtime "^6.23.0"
    een "^0.19.0"
    falzy "^0.20.0"
    fname "^0.9.0"
    protype "^0.22.0"

wichevr@^0.10.0:
  version "0.10.0"
  resolved "https://registry.yarnpkg.com/wichevr/-/wichevr-0.10.0.tgz#7fafae8f62f363de4c86ac3dc9e4a5840d635e76"
  dependencies:
    babel-runtime "^6.23.0"
    raze "^0.30.0"
    truly "^0.19.0"
